{
  "version": 4,
  "terraform_version": "0.12.24",
  "serial": 17,
  "lineage": "b9f7b1f3-3a7d-8461-3614-26fec1a485b1",
  "outputs": {},
  "resources": [
    {
      "mode": "managed",
      "type": "google_project",
      "name": "my_project-in-a-folder",
      "provider": "provider.google",
      "instances": [
        {
          "schema_version": 1,
          "attributes": {
            "auto_create_network": true,
            "billing_account": "01CD4B-EEA079-EECEDB",
            "folder_id": "347384219900",
            "id": "projects/ahead-mweibeler-tf-test3",
            "labels": null,
            "name": "Ahead-Mweibeler-TF-Test3",
            "number": "135621535002",
            "org_id": "",
            "project_id": "ahead-mweibeler-tf-test3",
            "skip_delete": null,
            "timeouts": null
          },
          "private": "eyJlMmJmYjczMC1lY2FhLTExZTYtOGY4OC0zNDM2M2JjN2M0YzAiOnsiY3JlYXRlIjoyNDAwMDAwMDAwMDAsImRlbGV0ZSI6MjQwMDAwMDAwMDAwLCJyZWFkIjoyNDAwMDAwMDAwMDAsInVwZGF0ZSI6MjQwMDAwMDAwMDAwfSwic2NoZW1hX3ZlcnNpb24iOiIxIn0="
        }
      ]
    }
  ]
}
